
Microsoft Visual Studio Solution File, Format Version 12.00
# Visual Studio Version 17
VisualStudioVersion = 17.9.34701.34
MinimumVisualStudioVersion = 10.0.40219.1
Project("{9A19103F-16F7-4668-BE54-9A1E7A4F7556}") = "Radio_Room.Tests", "..\Radio_Room.Tests\Radio_Room.Tests.csproj", "{A71F70C6-23FE-4D07-8EF1-7F532212660C}"
EndProject
Project("{FAE04EC0-301F-11D3-BF4B-00C04F79EFBC}") = "Radio_Room.Data", "..\Radio_Room.Data\Radio_Room.Data.csproj", "{78A72882-DA3B-4848-B701-8DD35CD193F2}"
EndProject
Project("{FAE04EC0-301F-11D3-BF4B-00C04F79EFBC}") = "Radio_Room.Domain", "..\Radio_Room.Domain\Radio_Room.Domain.csproj", "{D7E4F1C0-03CF-494A-9474-E6DB9AF635D1}"
EndProject
Project("{FAE04EC0-301F-11D3-BF4B-00C04F79EFBC}") = "Radio_Room.UI", "..\Radio_Room.UI\Radio_Room.UI.csproj", "{F1CD0516-1829-4D25-9940-0A66FADDAD30}"
EndProject
Global
	GlobalSection(SolutionConfigurationPlatforms) = preSolution
		Debug|Any CPU = Debug|Any CPU
		Release|Any CPU = Release|Any CPU
	EndGlobalSection
	GlobalSection(ProjectConfigurationPlatforms) = postSolution
		{A71F70C6-23FE-4D07-8EF1-7F532212660C}.Debug|Any CPU.ActiveCfg = Debug|Any CPU
		{A71F70C6-23FE-4D07-8EF1-7F532212660C}.Debug|Any CPU.Build.0 = Debug|Any CPU
		{A71F70C6-23FE-4D07-8EF1-7F532212660C}.Release|Any CPU.ActiveCfg = Release|Any CPU
		{A71F70C6-23FE-4D07-8EF1-7F532212660C}.Release|Any CPU.Build.0 = Release|Any CPU
		{78A72882-DA3B-4848-B701-8DD35CD193F2}.Debug|Any CPU.ActiveCfg = Debug|Any CPU
		{78A72882-DA3B-4848-B701-8DD35CD193F2}.Debug|Any CPU.Build.0 = Debug|Any CPU
		{78A72882-DA3B-4848-B701-8DD35CD193F2}.Release|Any CPU.ActiveCfg = Release|Any CPU
		{78A72882-DA3B-4848-B701-8DD35CD193F2}.Release|Any CPU.Build.0 = Release|Any CPU
		{D7E4F1C0-03CF-494A-9474-E6DB9AF635D1}.Debug|Any CPU.ActiveCfg = Debug|Any CPU
		{D7E4F1C0-03CF-494A-9474-E6DB9AF635D1}.Debug|Any CPU.Build.0 = Debug|Any CPU
		{D7E4F1C0-03CF-494A-9474-E6DB9AF635D1}.Release|Any CPU.ActiveCfg = Release|Any CPU
		{D7E4F1C0-03CF-494A-9474-E6DB9AF635D1}.Release|Any CPU.Build.0 = Release|Any CPU
		{F1CD0516-1829-4D25-9940-0A66FADDAD30}.Debug|Any CPU.ActiveCfg = Debug|Any CPU
		{F1CD0516-1829-4D25-9940-0A66FADDAD30}.Debug|Any CPU.Build.0 = Debug|Any CPU
		{F1CD0516-1829-4D25-9940-0A66FADDAD30}.Release|Any CPU.ActiveCfg = Release|Any CPU
		{F1CD0516-1829-4D25-9940-0A66FADDAD30}.Release|Any CPU.Build.0 = Release|Any CPU
	EndGlobalSection
	GlobalSection(SolutionProperties) = preSolution
		HideSolutionNode = FALSE
	EndGlobalSection
	GlobalSection(ExtensibilityGlobals) = postSolution
		SolutionGuid = {364FAD78-1D2F-4ED3-8CA7-2BC70E9D9A5B}
	EndGlobalSection
EndGlobal
