
Microsoft Visual Studio Solution File, Format Version 12.00
# Visual Studio Version 17
VisualStudioVersion = 17.9.34728.123
MinimumVisualStudioVersion = 10.0.40219.1
Project("{9A19103F-16F7-4668-BE54-9A1E7A4F7556}") = "Radio_Room.UI", "Radio_Room.UI.csproj", "{2DA6FC5C-73F3-4278-B2A9-A5360DC66972}"
EndProject
Global
	GlobalSection(SolutionConfigurationPlatforms) = preSolution
		Debug|Any CPU = Debug|Any CPU
		Release|Any CPU = Release|Any CPU
	EndGlobalSection
	GlobalSection(ProjectConfigurationPlatforms) = postSolution
		{2DA6FC5C-73F3-4278-B2A9-A5360DC66972}.Debug|Any CPU.ActiveCfg = Debug|Any CPU
		{2DA6FC5C-73F3-4278-B2A9-A5360DC66972}.Debug|Any CPU.Build.0 = Debug|Any CPU
		{2DA6FC5C-73F3-4278-B2A9-A5360DC66972}.Release|Any CPU.ActiveCfg = Release|Any CPU
		{2DA6FC5C-73F3-4278-B2A9-A5360DC66972}.Release|Any CPU.Build.0 = Release|Any CPU
	EndGlobalSection
	GlobalSection(SolutionProperties) = preSolution
		HideSolutionNode = FALSE
	EndGlobalSection
	GlobalSection(ExtensibilityGlobals) = postSolution
		SolutionGuid = {B77E9AC8-224B-4815-A465-F19EC6168E6F}
	EndGlobalSection
EndGlobal
